// !$*UTF8*$!
{
	archiveVersion = 1;
	classes = {
	};
	objectVersion = 70;
	objects = {

/* Begin PBXBuildFile section */
		2B06AEDB2E4C1AE8000327E9 /* Window.swift in Sources */ = {isa = PBXBuildFile; fileRef = 2B06AEC42E4C1AE8000327E9 /* Window.swift */; };
		2B06AEDE2E4C1AE8000327E9 /* WebSpatialApp.swift in Sources */ = {isa = PBXBuildFile; fileRef = 2B06AEC32E4C1AE8000327E9 /* WebSpatialApp.swift */; };
		2B06AEE12E4C1AE8000327E9 /* SpatialObject.swift in Sources */ = {isa = PBXBuildFile; fileRef = 2B06AEC22E4C1AE8000327E9 /* SpatialObject.swift */; };
		2B06AEE42E4C1AE8000327E9 /* manifest.swift in Sources */ = {isa = PBXBuildFile; fileRef = 2B06AEC12E4C1AE8000327E9 /* manifest.swift */; };
		2B06AEE62E4C1AE8000327E9 /* JSBCommand.swift in Sources */ = {isa = PBXBuildFile; fileRef = 2B06AEC02E4C1AE8000327E9 /* JSBCommand.swift */; };
		2B06AEE92E4C1AE8000327E9 /* EventEmitter.swift in Sources */ = {isa = PBXBuildFile; fileRef = 2B06AEBF2E4C1AE8000327E9 /* EventEmitter.swift */; };
		2B1008A22F0B000800000002 /* NavigationCleanupTests.swift in Sources */ = {isa = PBXBuildFile; fileRef = 2B1008A12F0B000800000001 /* NavigationCleanupTests.swift */; };
		2B2F1D692BEBFAAA006897EE /* RealityKitContent in Frameworks */ = {isa = PBXBuildFile; productRef = 2B2F1D682BEBFAAA006897EE /* RealityKitContent */; };
		2B2F1D712BEBFAAC006897EE /* Assets.xcassets in Resources */ = {isa = PBXBuildFile; fileRef = 2B2F1D702BEBFAAC006897EE /* Assets.xcassets */; };
		2B2F1D742BEBFAAC006897EE /* Preview Assets.xcassets in Resources */ = {isa = PBXBuildFile; fileRef = 2B2F1D732BEBFAAC006897EE /* Preview Assets.xcassets */; };
		2B89E38C2E699104004079AA /* WebMsgCommand.swift in Sources */ = {isa = PBXBuildFile; fileRef = 2B89E38B2E699104004079AA /* WebMsgCommand.swift */; };
		2BDBF9B62C4ED9F600D269D7 /* static-web in Resources */ = {isa = PBXBuildFile; fileRef = 2BDBF9B52C4ED9F600D269D7 /* static-web */; };
/* End PBXBuildFile section */

/* Begin PBXContainerItemProxy section */
		2B2F1D7B2BEBFAAD006897EE /* PBXContainerItemProxy */ = {
			isa = PBXContainerItemProxy;
			containerPortal = 2B2F1D5B2BEBFAAA006897EE /* Project object */;
			proxyType = 1;
			remoteGlobalIDString = 2B2F1D622BEBFAAA006897EE;
			remoteInfo = "web-spatial";
		};
/* End PBXContainerItemProxy section */

/* Begin PBXFileReference section */
		2B06AEBF2E4C1AE8000327E9 /* EventEmitter.swift */ = {isa = PBXFileReference; lastKnownFileType = sourcecode.swift; path = EventEmitter.swift; sourceTree = "<group>"; };
		2B06AEC02E4C1AE8000327E9 /* JSBCommand.swift */ = {isa = PBXFileReference; lastKnownFileType = sourcecode.swift; path = JSBCommand.swift; sourceTree = "<group>"; };
		2B06AEC12E4C1AE8000327E9 /* manifest.swift */ = {isa = PBXFileReference; lastKnownFileType = sourcecode.swift; path = manifest.swift; sourceTree = "<group>"; };
		2B06AEC22E4C1AE8000327E9 /* SpatialObject.swift */ = {isa = PBXFileReference; lastKnownFileType = sourcecode.swift; path = SpatialObject.swift; sourceTree = "<group>"; };
		2B06AEC32E4C1AE8000327E9 /* WebSpatialApp.swift */ = {isa = PBXFileReference; lastKnownFileType = sourcecode.swift; path = WebSpatialApp.swift; sourceTree = "<group>"; };
		2B06AEC42E4C1AE8000327E9 /* Window.swift */ = {isa = PBXFileReference; lastKnownFileType = sourcecode.swift; path = Window.swift; sourceTree = "<group>"; };
		2B1008A12F0B000800000001 /* NavigationCleanupTests.swift */ = {isa = PBXFileReference; lastKnownFileType = sourcecode.swift; path = NavigationCleanupTests.swift; sourceTree = "<group>"; };
		2B2F1D632BEBFAAA006897EE /* WebSpatial.app */ = {isa = PBXFileReference; explicitFileType = wrapper.application; includeInIndex = 0; path = WebSpatial.app; sourceTree = BUILT_PRODUCTS_DIR; };
		2B2F1D672BEBFAAA006897EE /* RealityKitContent */ = {isa = PBXFileReference; lastKnownFileType = wrapper; path = RealityKitContent; sourceTree = "<group>"; };
		2B2F1D702BEBFAAC006897EE /* Assets.xcassets */ = {isa = PBXFileReference; lastKnownFileType = folder.assetcatalog; path = Assets.xcassets; sourceTree = "<group>"; };
		2B2F1D732BEBFAAC006897EE /* Preview Assets.xcassets */ = {isa = PBXFileReference; lastKnownFileType = folder.assetcatalog; path = "Preview Assets.xcassets"; sourceTree = "<group>"; };
		2B2F1D752BEBFAAC006897EE /* Info.plist */ = {isa = PBXFileReference; lastKnownFileType = text.plist.xml; path = Info.plist; sourceTree = "<group>"; };
		2B2F1D7A2BEBFAAD006897EE /* WebSpatial.xctest */ = {isa = PBXFileReference; explicitFileType = wrapper.cfbundle; includeInIndex = 0; path = WebSpatial.xctest; sourceTree = BUILT_PRODUCTS_DIR; };
		2B89E38B2E699104004079AA /* WebMsgCommand.swift */ = {isa = PBXFileReference; lastKnownFileType = sourcecode.swift; path = WebMsgCommand.swift; sourceTree = "<group>"; };
		2BDBF9B52C4ED9F600D269D7 /* static-web */ = {isa = PBXFileReference; lastKnownFileType = folder; path = "static-web"; sourceTree = "<group>"; };
/* End PBXFileReference section */

/* Begin PBXFileSystemSynchronizedBuildFileExceptionSet section */
		2B06AF302E4C1AF8000327E9 /* PBXFileSystemSynchronizedBuildFileExceptionSet */ = {
			isa = PBXFileSystemSynchronizedBuildFileExceptionSet;
			membershipExceptions = (
				AttachmentManager.swift,
				Dynamic3DManager.swift,
				FileCoordinator.swift,
				JSBManager.swift,
				WKWebViewManager.swift,
			);
			target = 2B2F1D622BEBFAAA006897EE /* web-spatial */;
		};
		2B06AF312E4C1AF8000327E9 /* PBXFileSystemSynchronizedBuildFileExceptionSet */ = {
			isa = PBXFileSystemSynchronizedBuildFileExceptionSet;
			membershipExceptions = (
				dynamic3d/Geometry.swift,
				dynamic3d/SpatialComponent.swift,
				dynamic3d/SpatialEntity.swift,
				dynamic3d/SpatialMaterial.swift,
				dynamic3d/SpatialModelEntity.swift,
				dynamic3d/SpatialModelResource.swift,
				dynamic3d/SpatialTextureResource.swift,
				SpatialApp.swift,
				Spatialized2DElement.swift,
				SpatializedDynamic3DElement.swift,
				SpatializedElement.swift,
				SpatializedStatic3DElement.swift,
				SpatialScene.swift,
			);
			target = 2B2F1D622BEBFAAA006897EE /* web-spatial */;
		};
		2B06AF322E4C1AF8000327E9 /* PBXFileSystemSynchronizedBuildFileExceptionSet */ = {
			isa = PBXFileSystemSynchronizedBuildFileExceptionSet;
			membershipExceptions = (
				ScrollAbleSpatialElementContainer.swift,
				SpatializedElementContainer.swift,
				SpatialScrollAble.swift,
				WebMsgSender.swift,
			);
			target = 2B2F1D622BEBFAAA006897EE /* web-spatial */;
		};
		2B06AF332E4C1AF8000327E9 /* PBXFileSystemSynchronizedBuildFileExceptionSet */ = {
			isa = PBXFileSystemSynchronizedBuildFileExceptionSet;
			membershipExceptions = (
				Vec2.swift,
				Vec3.swift,
			);
			target = 2B2F1D622BEBFAAA006897EE /* web-spatial */;
		};
		2B06AF342E4C1AF8000327E9 /* PBXFileSystemSynchronizedBuildFileExceptionSet */ = {
			isa = PBXFileSystemSynchronizedBuildFileExceptionSet;
			membershipExceptions = (
				LoadingView.swift,
				SceneHandlerUIView.swift,
				Spatialized2DElementView.swift,
				SpatializedDynamic3DView.swift,
				SpatializedElementView.swift,
				SpatializedStatic3DView.swift,
				SpatialNavView.swift,
				SpatialSceneContentView.swift,
				SpatialSceneView.swift,
				"view-modifier/HideViewModifier.swift",
				"view-modifier/MaterialWithBorderCornerModifier.swift",
			);
			target = 2B2F1D622BEBFAAA006897EE /* web-spatial */;
		};
		2B06AF352E4C1AF8000327E9 /* PBXFileSystemSynchronizedBuildFileExceptionSet */ = {
			isa = PBXFileSystemSynchronizedBuildFileExceptionSet;
			membershipExceptions = (
				SpatialWebController.swift,
				SpatialWebView.swift,
				SpatialWebViewModel.swift,
			);
			target = 2B2F1D622BEBFAAA006897EE /* web-spatial */;
		};
/* End PBXFileSystemSynchronizedBuildFileExceptionSet section */

/* Begin PBXFileSystemSynchronizedRootGroup section */
		2B06AEEC2E4C1AF8000327E9 /* manager */ = {isa = PBXFileSystemSynchronizedRootGroup; exceptions = (2B06AF302E4C1AF8000327E9 /* PBXFileSystemSynchronizedBuildFileExceptionSet */, ); explicitFileTypes = {}; explicitFolders = (); path = manager; sourceTree = "<group>"; };
		2B06AEF32E4C1AF8000327E9 /* model */ = {isa = PBXFileSystemSynchronizedRootGroup; exceptions = (2B06AF312E4C1AF8000327E9 /* PBXFileSystemSynchronizedBuildFileExceptionSet */, ); explicitFileTypes = {}; explicitFolders = (); path = model; sourceTree = "<group>"; };
		2B06AEF82E4C1AF8000327E9 /* protocol */ = {isa = PBXFileSystemSynchronizedRootGroup; exceptions = (2B06AF322E4C1AF8000327E9 /* PBXFileSystemSynchronizedBuildFileExceptionSet */, ); explicitFileTypes = {}; explicitFolders = (); path = protocol; sourceTree = "<group>"; };
		2B06AEFC2E4C1AF8000327E9 /* types */ = {isa = PBXFileSystemSynchronizedRootGroup; exceptions = (2B06AF332E4C1AF8000327E9 /* PBXFileSystemSynchronizedBuildFileExceptionSet */, ); explicitFileTypes = {}; explicitFolders = (); path = types; sourceTree = "<group>"; };
		2B06AEFF2E4C1AF8000327E9 /* Utils */ = {isa = PBXFileSystemSynchronizedRootGroup; explicitFileTypes = {}; explicitFolders = (); path = Utils; sourceTree = "<group>"; };
		2B06AF0C2E4C1AF8000327E9 /* view */ = {isa = PBXFileSystemSynchronizedRootGroup; exceptions = (2B06AF342E4C1AF8000327E9 /* PBXFileSystemSynchronizedBuildFileExceptionSet */, ); explicitFileTypes = {}; explicitFolders = (); path = view; sourceTree = "<group>"; };
		2B06AF102E4C1AF8000327E9 /* webview */ = {isa = PBXFileSystemSynchronizedRootGroup; exceptions = (2B06AF352E4C1AF8000327E9 /* PBXFileSystemSynchronizedBuildFileExceptionSet */, ); explicitFileTypes = {}; explicitFolders = (); path = webview; sourceTree = "<group>"; };
/* End PBXFileSystemSynchronizedRootGroup section */

/* Begin PBXFrameworksBuildPhase section */
		2B2F1D602BEBFAAA006897EE /* Frameworks */ = {
			isa = PBXFrameworksBuildPhase;
			buildActionMask = 2147483647;
			files = (
				2B2F1D692BEBFAAA006897EE /* RealityKitContent in Frameworks */,
			);
			runOnlyForDeploymentPostprocessing = 0;
		};
		2B2F1D772BEBFAAD006897EE /* Frameworks */ = {
			isa = PBXFrameworksBuildPhase;
			buildActionMask = 2147483647;
			files = (
			);
			runOnlyForDeploymentPostprocessing = 0;
		};
/* End PBXFrameworksBuildPhase section */

/* Begin PBXGroup section */
		2B2F1D5A2BEBFAAA006897EE = {
			isa = PBXGroup;
			children = (
				2B2F1D652BEBFAAA006897EE /* web-spatial */,
				2B1008A32F0B000800000003 /* web-spatialTests */,
				2B2F1D662BEBFAAA006897EE /* Packages */,
				2B2F1D642BEBFAAA006897EE /* Products */,
			);
			sourceTree = "<group>";
		};
		2B1008A32F0B000800000003 /* web-spatialTests */ = {
			isa = PBXGroup;
			children = (
				2B1008A12F0B000800000001 /* NavigationCleanupTests.swift */,
			);
			path = "web-spatialTests";
			sourceTree = "<group>";
		};
		2B2F1D642BEBFAAA006897EE /* Products */ = {
			isa = PBXGroup;
			children = (
				2B2F1D632BEBFAAA006897EE /* WebSpatial.app */,
				2B2F1D7A2BEBFAAD006897EE /* WebSpatial.xctest */,
			);
			name = Products;
			sourceTree = "<group>";
		};
		2B2F1D652BEBFAAA006897EE /* web-spatial */ = {
			isa = PBXGroup;
			children = (
				2BDBF9B52C4ED9F600D269D7 /* static-web */,
				2B2F1D702BEBFAAC006897EE /* Assets.xcassets */,
				2B2F1D752BEBFAAC006897EE /* Info.plist */,
				2B2F1D722BEBFAAC006897EE /* Preview Content */,
				2B06AEEC2E4C1AF8000327E9 /* manager */,
				2B06AEF32E4C1AF8000327E9 /* model */,
				2B06AEF82E4C1AF8000327E9 /* protocol */,
				2B06AEFC2E4C1AF8000327E9 /* types */,
				2B06AEFF2E4C1AF8000327E9 /* Utils */,
				2B06AF0C2E4C1AF8000327E9 /* view */,
				2B06AF102E4C1AF8000327E9 /* webview */,
				2B06AEBF2E4C1AE8000327E9 /* EventEmitter.swift */,
				2B06AEC02E4C1AE8000327E9 /* JSBCommand.swift */,
				2B89E38B2E699104004079AA /* WebMsgCommand.swift */,
				2B06AEC12E4C1AE8000327E9 /* manifest.swift */,
				2B06AEC22E4C1AE8000327E9 /* SpatialObject.swift */,
				2B06AEC32E4C1AE8000327E9 /* WebSpatialApp.swift */,
				2B06AEC42E4C1AE8000327E9 /* Window.swift */,
			);
			path = "web-spatial";
			sourceTree = "<group>";
		};
		2B2F1D662BEBFAAA006897EE /* Packages */ = {
			isa = PBXGroup;
			children = (
				2B2F1D672BEBFAAA006897EE /* RealityKitContent */,
			);
			path = Packages;
			sourceTree = "<group>";
		};
		2B2F1D722BEBFAAC006897EE /* Preview Content */ = {
			isa = PBXGroup;
			children = (
				2B2F1D732BEBFAAC006897EE /* Preview Assets.xcassets */,
			);
			path = "Preview Content";
			sourceTree = "<group>";
		};
/* End PBXGroup section */

/* Begin PBXNativeTarget section */
		2B2F1D622BEBFAAA006897EE /* web-spatial */ = {
			isa = PBXNativeTarget;
			buildConfigurationList = 2B2F1D822BEBFAAD006897EE /* Build configuration list for PBXNativeTarget "web-spatial" */;
			buildPhases = (
				2B2F1D5F2BEBFAAA006897EE /* Sources */,
				2B2F1D602BEBFAAA006897EE /* Frameworks */,
				2B2F1D612BEBFAAA006897EE /* Resources */,
			);
			buildRules = (
			);
			dependencies = (
			);
			fileSystemSynchronizedGroups = (
				2B06AEFF2E4C1AF8000327E9 /* Utils */,
			);
			name = "web-spatial";
			packageProductDependencies = (
				2B2F1D682BEBFAAA006897EE /* RealityKitContent */,
			);
			productName = "web-spatial";
			productReference = 2B2F1D632BEBFAAA006897EE /* WebSpatial.app */;
			productType = "com.apple.product-type.application";
		};
		2B2F1D792BEBFAAD006897EE /* web-spatialTests */ = {
			isa = PBXNativeTarget;
			buildConfigurationList = 2B2F1D852BEBFAAD006897EE /* Build configuration list for PBXNativeTarget "web-spatialTests" */;
			buildPhases = (
				2B2F1D762BEBFAAD006897EE /* Sources */,
				2B2F1D772BEBFAAD006897EE /* Frameworks */,
				2B2F1D782BEBFAAD006897EE /* Resources */,
			);
			buildRules = (
			);
			dependencies = (
				2B2F1D7C2BEBFAAD006897EE /* PBXTargetDependency */,
			);
			name = "web-spatialTests";
			productName = "web-spatialTests";
			productReference = 2B2F1D7A2BEBFAAD006897EE /* WebSpatial.xctest */;
			productType = "com.apple.product-type.bundle.unit-test";
		};
/* End PBXNativeTarget section */

/* Begin PBXProject section */
		2B2F1D5B2BEBFAAA006897EE /* Project object */ = {
			isa = PBXProject;
			attributes = {
				BuildIndependentTargetsInParallel = 1;
				LastSwiftUpdateCheck = 1530;
				LastUpgradeCheck = 1600;
				TargetAttributes = {
					2B2F1D622BEBFAAA006897EE = {
						CreatedOnToolsVersion = 15.3;
					};
					2B2F1D792BEBFAAD006897EE = {
						CreatedOnToolsVersion = 15.3;
						TestTargetID = 2B2F1D622BEBFAAA006897EE;
					};
				};
			};
			buildConfigurationList = 2B2F1D5E2BEBFAAA006897EE /* Build configuration list for PBXProject "web-spatial" */;
			compatibilityVersion = "Xcode 14.0";
			developmentRegion = en;
			hasScannedForEncodings = 0;
			knownRegions = (
				en,
				Base,
			);
			mainGroup = 2B2F1D5A2BEBFAAA006897EE;
			packageReferences = (
			);
			productRefGroup = 2B2F1D642BEBFAAA006897EE /* Products */;
			projectDirPath = "";
			projectRoot = "";
			targets = (
				2B2F1D622BEBFAAA006897EE /* web-spatial */,
				2B2F1D792BEBFAAD006897EE /* web-spatialTests */,
			);
		};
/* End PBXProject section */

/* Begin PBXResourcesBuildPhase section */
		2B2F1D612BEBFAAA006897EE /* Resources */ = {
			isa = PBXResourcesBuildPhase;
			buildActionMask = 2147483647;
			files = (
				2BDBF9B62C4ED9F600D269D7 /* static-web in Resources */,
				2B2F1D742BEBFAAC006897EE /* Preview Assets.xcassets in Resources */,
				2B2F1D712BEBFAAC006897EE /* Assets.xcassets in Resources */,
			);
			runOnlyForDeploymentPostprocessing = 0;
		};
		2B2F1D782BEBFAAD006897EE /* Resources */ = {
			isa = PBXResourcesBuildPhase;
			buildActionMask = 2147483647;
			files = (
			);
			runOnlyForDeploymentPostprocessing = 0;
		};
/* End PBXResourcesBuildPhase section */

/* Begin PBXSourcesBuildPhase section */
		2B2F1D5F2BEBFAAA006897EE /* Sources */ = {
			isa = PBXSourcesBuildPhase;
			buildActionMask = 2147483647;
			files = (
				2B06AEDB2E4C1AE8000327E9 /* Window.swift in Sources */,
				2B06AEDE2E4C1AE8000327E9 /* WebSpatialApp.swift in Sources */,
				2B06AEE12E4C1AE8000327E9 /* SpatialObject.swift in Sources */,
				2B06AEE42E4C1AE8000327E9 /* manifest.swift in Sources */,
				2B89E38C2E699104004079AA /* WebMsgCommand.swift in Sources */,
				2B06AEE62E4C1AE8000327E9 /* JSBCommand.swift in Sources */,
				2B06AEE92E4C1AE8000327E9 /* EventEmitter.swift in Sources */,
			);
			runOnlyForDeploymentPostprocessing = 0;
		};
		2B2F1D762BEBFAAD006897EE /* Sources */ = {
			isa = PBXSourcesBuildPhase;
			buildActionMask = 2147483647;
			files = (
				2B1008A22F0B000800000002 /* NavigationCleanupTests.swift in Sources */,
			);
			runOnlyForDeploymentPostprocessing = 0;
		};
/* End PBXSourcesBuildPhase section */

/* Begin PBXTargetDependency section */
		2B2F1D7C2BEBFAAD006897EE /* PBXTargetDependency */ = {
			isa = PBXTargetDependency;
			target = 2B2F1D622BEBFAAA006897EE /* web-spatial */;
			targetProxy = 2B2F1D7B2BEBFAAD006897EE /* PBXContainerItemProxy */;
		};
/* End PBXTargetDependency section */

/* Begin XCBuildConfiguration section */
		2B2F1D802BEBFAAD006897EE /* Debug */ = {
			isa = XCBuildConfiguration;
			buildSettings = {
				ALWAYS_SEARCH_USER_PATHS = NO;
				ASSETCATALOG_COMPILER_GENERATE_SWIFT_ASSET_SYMBOL_EXTENSIONS = YES;
				CLANG_ANALYZER_NONNULL = YES;
				CLANG_ANALYZER_NUMBER_OBJECT_CONVERSION = YES_AGGRESSIVE;
				CLANG_CXX_LANGUAGE_STANDARD = "gnu++20";
				CLANG_ENABLE_MODULES = YES;
				CLANG_ENABLE_OBJC_ARC = YES;
				CLANG_ENABLE_OBJC_WEAK = YES;
				CLANG_WARN_BLOCK_CAPTURE_AUTORELEASING = YES;
				CLANG_WARN_BOOL_CONVERSION = YES;
				CLANG_WARN_COMMA = YES;
				CLANG_WARN_CONSTANT_CONVERSION = YES;
				CLANG_WARN_DEPRECATED_OBJC_IMPLEMENTATIONS = YES;
				CLANG_WARN_DIRECT_OBJC_ISA_USAGE = YES_ERROR;
				CLANG_WARN_DOCUMENTATION_COMMENTS = YES;
				CLANG_WARN_EMPTY_BODY = YES;
				CLANG_WARN_ENUM_CONVERSION = YES;
				CLANG_WARN_INFINITE_RECURSION = YES;
				CLANG_WARN_INT_CONVERSION = YES;
				CLANG_WARN_NON_LITERAL_NULL_CONVERSION = YES;
				CLANG_WARN_OBJC_IMPLICIT_RETAIN_SELF = YES;
				CLANG_WARN_OBJC_LITERAL_CONVERSION = YES;
				CLANG_WARN_OBJC_ROOT_CLASS = YES_ERROR;
				CLANG_WARN_QUOTED_INCLUDE_IN_FRAMEWORK_HEADER = YES;
				CLANG_WARN_RANGE_LOOP_ANALYSIS = YES;
				CLANG_WARN_STRICT_PROTOTYPES = YES;
				CLANG_WARN_SUSPICIOUS_MOVE = YES;
				CLANG_WARN_UNGUARDED_AVAILABILITY = YES_AGGRESSIVE;
				CLANG_WARN_UNREACHABLE_CODE = YES;
				CLANG_WARN__DUPLICATE_METHOD_MATCH = YES;
				COPY_PHASE_STRIP = NO;
				DEBUG_INFORMATION_FORMAT = dwarf;
				ENABLE_STRICT_OBJC_MSGSEND = YES;
				ENABLE_TESTABILITY = YES;
				ENABLE_USER_SCRIPT_SANDBOXING = YES;
				GCC_C_LANGUAGE_STANDARD = gnu17;
				GCC_DYNAMIC_NO_PIC = NO;
				GCC_NO_COMMON_BLOCKS = YES;
				GCC_OPTIMIZATION_LEVEL = 0;
				GCC_PREPROCESSOR_DEFINITIONS = (
					"DEBUG=1",
					"$(inherited)",
				);
				GCC_WARN_64_TO_32_BIT_CONVERSION = YES;
				GCC_WARN_ABOUT_RETURN_TYPE = YES_ERROR;
				GCC_WARN_UNDECLARED_SELECTOR = YES;
				GCC_WARN_UNINITIALIZED_AUTOS = YES_AGGRESSIVE;
				GCC_WARN_UNUSED_FUNCTION = YES;
				GCC_WARN_UNUSED_VARIABLE = YES;
				LOCALIZATION_PREFERS_STRING_CATALOGS = YES;
				MTL_ENABLE_DEBUG_INFO = INCLUDE_SOURCE;
				MTL_FAST_MATH = YES;
				ONLY_ACTIVE_ARCH = YES;
				SDKROOT = xros;
				SWIFT_ACTIVE_COMPILATION_CONDITIONS = "DEBUG $(inherited)";
				SWIFT_OPTIMIZATION_LEVEL = "-Onone";
				XROS_DEPLOYMENT_TARGET = 1.0;
			};
			name = Debug;
		};
		2B2F1D812BEBFAAD006897EE /* Release */ = {
			isa = XCBuildConfiguration;
			buildSettings = {
				ALWAYS_SEARCH_USER_PATHS = NO;
				ASSETCATALOG_COMPILER_GENERATE_SWIFT_ASSET_SYMBOL_EXTENSIONS = YES;
				CLANG_ANALYZER_NONNULL = YES;
				CLANG_ANALYZER_NUMBER_OBJECT_CONVERSION = YES_AGGRESSIVE;
				CLANG_CXX_LANGUAGE_STANDARD = "gnu++20";
				CLANG_ENABLE_MODULES = YES;
				CLANG_ENABLE_OBJC_ARC = YES;
				CLANG_ENABLE_OBJC_WEAK = YES;
				CLANG_WARN_BLOCK_CAPTURE_AUTORELEASING = YES;
				CLANG_WARN_BOOL_CONVERSION = YES;
				CLANG_WARN_COMMA = YES;
				CLANG_WARN_CONSTANT_CONVERSION = YES;
				CLANG_WARN_DEPRECATED_OBJC_IMPLEMENTATIONS = YES;
				CLANG_WARN_DIRECT_OBJC_ISA_USAGE = YES_ERROR;
				CLANG_WARN_DOCUMENTATION_COMMENTS = YES;
				CLANG_WARN_EMPTY_BODY = YES;
				CLANG_WARN_ENUM_CONVERSION = YES;
				CLANG_WARN_INFINITE_RECURSION = YES;
				CLANG_WARN_INT_CONVERSION = YES;
				CLANG_WARN_NON_LITERAL_NULL_CONVERSION = YES;
				CLANG_WARN_OBJC_IMPLICIT_RETAIN_SELF = YES;
				CLANG_WARN_OBJC_LITERAL_CONVERSION = YES;
				CLANG_WARN_OBJC_ROOT_CLASS = YES_ERROR;
				CLANG_WARN_QUOTED_INCLUDE_IN_FRAMEWORK_HEADER = YES;
				CLANG_WARN_RANGE_LOOP_ANALYSIS = YES;
				CLANG_WARN_STRICT_PROTOTYPES = YES;
				CLANG_WARN_SUSPICIOUS_MOVE = YES;
				CLANG_WARN_UNGUARDED_AVAILABILITY = YES_AGGRESSIVE;
				CLANG_WARN_UNREACHABLE_CODE = YES;
				CLANG_WARN__DUPLICATE_METHOD_MATCH = YES;
				COPY_PHASE_STRIP = NO;
				DEBUG_INFORMATION_FORMAT = "dwarf-with-dsym";
				ENABLE_NS_ASSERTIONS = NO;
				ENABLE_STRICT_OBJC_MSGSEND = YES;
				ENABLE_USER_SCRIPT_SANDBOXING = YES;
				GCC_C_LANGUAGE_STANDARD = gnu17;
				GCC_NO_COMMON_BLOCKS = YES;
				GCC_WARN_64_TO_32_BIT_CONVERSION = YES;
				GCC_WARN_ABOUT_RETURN_TYPE = YES_ERROR;
				GCC_WARN_UNDECLARED_SELECTOR = YES;
				GCC_WARN_UNINITIALIZED_AUTOS = YES_AGGRESSIVE;
				GCC_WARN_UNUSED_FUNCTION = YES;
				GCC_WARN_UNUSED_VARIABLE = YES;
				LOCALIZATION_PREFERS_STRING_CATALOGS = YES;
				MTL_ENABLE_DEBUG_INFO = NO;
				MTL_FAST_MATH = YES;
				SDKROOT = xros;
				SWIFT_COMPILATION_MODE = wholemodule;
				VALIDATE_PRODUCT = YES;
				XROS_DEPLOYMENT_TARGET = 1.0;
			};
			name = Release;
		};
		2B2F1D832BEBFAAD006897EE /* Debug */ = {
			isa = XCBuildConfiguration;
			buildSettings = {
				ASSETCATALOG_COMPILER_APPICON_NAME = AppIcon;
				ASSETCATALOG_COMPILER_GLOBAL_ACCENT_COLOR_NAME = AccentColor;
				CODE_SIGN_STYLE = Automatic;
				CURRENT_PROJECT_VERSION = 1;
				DEVELOPMENT_ASSET_PATHS = "\"web-spatial/Preview Content\"";
				DEVELOPMENT_TEAM = DEVELOPMENT_TEAM;
				ENABLE_PREVIEWS = YES;
				GENERATE_INFOPLIST_FILE = YES;
				INFOPLIST_FILE = "$(TARGET_NAME)/Info.plist";
				LD_RUNPATH_SEARCH_PATHS = (
					"$(inherited)",
					"@executable_path/Frameworks",
				);
				MARKETING_VERSION = 1.0;
				PRODUCT_BUNDLE_IDENTIFIER = com.webspatial.test;
				PRODUCT_NAME = WebSpatial;
				SUPPORTED_PLATFORMS = "xros xrsimulator";
				SWIFT_EMIT_LOC_STRINGS = YES;
				SWIFT_VERSION = 5.0;
				TARGETED_DEVICE_FAMILY = "1,2,7";
				XROS_DEPLOYMENT_TARGET = 26.0;
			};
			name = Debug;
		};
		2B2F1D842BEBFAAD006897EE /* Release */ = {
			isa = XCBuildConfiguration;
			buildSettings = {
				ASSETCATALOG_COMPILER_APPICON_NAME = AppIcon;
				ASSETCATALOG_COMPILER_GLOBAL_ACCENT_COLOR_NAME = AccentColor;
				CODE_SIGN_STYLE = Automatic;
				CURRENT_PROJECT_VERSION = 1;
				DEVELOPMENT_ASSET_PATHS = "\"web-spatial/Preview Content\"";
				DEVELOPMENT_TEAM = DEVELOPMENT_TEAM;
				ENABLE_PREVIEWS = YES;
				GENERATE_INFOPLIST_FILE = YES;
				INFOPLIST_FILE = "$(TARGET_NAME)/Info.plist";
				LD_RUNPATH_SEARCH_PATHS = (
					"$(inherited)",
					"@executable_path/Frameworks",
				);
				MARKETING_VERSION = 1.0;
				PRODUCT_BUNDLE_IDENTIFIER = com.webspatial.test;
				PRODUCT_NAME = WebSpatial;
				SUPPORTED_PLATFORMS = "xros xrsimulator";
				SWIFT_EMIT_LOC_STRINGS = YES;
				SWIFT_VERSION = 5.0;
				TARGETED_DEVICE_FAMILY = "1,2,7";
				XROS_DEPLOYMENT_TARGET = 26.0;
			};
			name = Release;
		};
		2B2F1D862BEBFAAD006897EE /* Debug */ = {
			isa = XCBuildConfiguration;
			buildSettings = {
				BUNDLE_LOADER = "$(TEST_HOST)";
				CODE_SIGN_STYLE = Automatic;
				CURRENT_PROJECT_VERSION = 1;
				GENERATE_INFOPLIST_FILE = YES;
				MARKETING_VERSION = 1.0;
				PRODUCT_BUNDLE_IDENTIFIER = com.webspatial.test;
				PRODUCT_NAME = WebSpatial;
				SUPPORTED_PLATFORMS = "xros xrsimulator";
				SWIFT_EMIT_LOC_STRINGS = NO;
				SWIFT_VERSION = 5.0;
				TARGETED_DEVICE_FAMILY = "1,2,7";
				TEST_HOST = "$(BUILT_PRODUCTS_DIR)/web-spatial.app/$(BUNDLE_EXECUTABLE_FOLDER_PATH)/web-spatial";
				XROS_DEPLOYMENT_TARGET = 1.1;
			};
			name = Debug;
		};
		2B2F1D872BEBFAAD006897EE /* Release */ = {
			isa = XCBuildConfiguration;
			buildSettings = {
				BUNDLE_LOADER = "$(TEST_HOST)";
				CODE_SIGN_STYLE = Automatic;
				CURRENT_PROJECT_VERSION = 1;
				GENERATE_INFOPLIST_FILE = YES;
				MARKETING_VERSION = 1.0;
				PRODUCT_BUNDLE_IDENTIFIER = com.webspatial.test;
				PRODUCT_NAME = WebSpatial;
				SUPPORTED_PLATFORMS = "xros xrsimulator";
				SWIFT_EMIT_LOC_STRINGS = NO;
				SWIFT_VERSION = 5.0;
				TARGETED_DEVICE_FAMILY = "1,2,7";
				TEST_HOST = "$(BUILT_PRODUCTS_DIR)/web-spatial.app/$(BUNDLE_EXECUTABLE_FOLDER_PATH)/web-spatial";
				XROS_DEPLOYMENT_TARGET = 1.1;
			};
			name = Release;
		};
/* End XCBuildConfiguration section */

/* Begin XCConfigurationList section */
		2B2F1D5E2BEBFAAA006897EE /* Build configuration list for PBXProject "web-spatial" */ = {
			isa = XCConfigurationList;
			buildConfigurations = (
				2B2F1D802BEBFAAD006897EE /* Debug */,
				2B2F1D812BEBFAAD006897EE /* Release */,
			);
			defaultConfigurationIsVisible = 0;
			defaultConfigurationName = Release;
		};
		2B2F1D822BEBFAAD006897EE /* Build configuration list for PBXNativeTarget "web-spatial" */ = {
			isa = XCConfigurationList;
			buildConfigurations = (
				2B2F1D832BEBFAAD006897EE /* Debug */,
				2B2F1D842BEBFAAD006897EE /* Release */,
			);
			defaultConfigurationIsVisible = 0;
			defaultConfigurationName = Release;
		};
		2B2F1D852BEBFAAD006897EE /* Build configuration list for PBXNativeTarget "web-spatialTests" */ = {
			isa = XCConfigurationList;
			buildConfigurations = (
				2B2F1D862BEBFAAD006897EE /* Debug */,
				2B2F1D872BEBFAAD006897EE /* Release */,
			);
			defaultConfigurationIsVisible = 0;
			defaultConfigurationName = Release;
		};
/* End XCConfigurationList section */

/* Begin XCSwiftPackageProductDependency section */
		2B2F1D682BEBFAAA006897EE /* RealityKitContent */ = {
			isa = XCSwiftPackageProductDependency;
			productName = RealityKitContent;
		};
/* End XCSwiftPackageProductDependency section */
	};
	rootObject = 2B2F1D5B2BEBFAAA006897EE /* Project object */;
}
